<?xml version="1.0" encoding="utf-8"?>
<Project ToolsVersion="4.0" xmlns="http://schemas.microsoft.com/developer/msbuild/2003">
  <ItemGroup>
    <Filter Include="Common">
      <UniqueIdentifier>{46da6219-f6bf-4d8d-8acd-a0c6208dfe1a}</UniqueIdentifier>
    </Filter>
    <Filter Include="Graphics">
      <UniqueIdentifier>{a1126aa0-4729-4cc1-adbd-a8ba708934ee}</UniqueIdentifier>
    </Filter>
    <Filter Include="Input">
      <UniqueIdentifier>{8aa3a4a9-e8cc-4f7e-9a7d-c21025bfdb16}</UniqueIdentifier>
    </Filter>
    <Filter Include="Helper">
      <UniqueIdentifier>{c0930562-1224-45ea-baf9-5ccc7ec980c4}</UniqueIdentifier>
    </Filter>
    <Filter Include="Helper\Application">
      <UniqueIdentifier>{cd1f680a-0bdc-458d-996e-7ec068cdf42d}</UniqueIdentifier>
    </Filter>
    <Filter Include="Common\Types">
      <UniqueIdentifier>{024eae0a-d666-4c29-8b0a-32de744dd0bf}</UniqueIdentifier>
    </Filter>
    <Filter Include="Scene">
      <UniqueIdentifier>{d92bc7e8-2278-4701-a4ac-570d7e44345d}</UniqueIdentifier>
    </Filter>
    <Filter Include="Resource">
      <UniqueIdentifier>{ae755a5a-b5eb-4bb2-952e-ba5a0d09bda4}</UniqueIdentifier>
    </Filter>
    <Filter Include="Common\Windows">
      <UniqueIdentifier>{9a1375d9-dee7-4d8e-a30d-02384bb9011f}</UniqueIdentifier>
    </Filter>
    <Filter Include="Graphics\Window">
      <UniqueIdentifier>{3cbf8d69-1ba9-46ef-ac71-7380ac648091}</UniqueIdentifier>
    </Filter>
    <Filter Include="Graphics\Manager">
      <UniqueIdentifier>{f8bfc7e4-03b0-4ff9-bc5f-4e228b90f5ff}</UniqueIdentifier>
    </Filter>
    <Filter Include="Common\Memory">
      <UniqueIdentifier>{d5e9d755-f60a-450d-99c1-30bd8ee443af}</UniqueIdentifier>
    </Filter>
    <Filter Include="Graphics\D3D12">
      <UniqueIdentifier>{0d46a6dc-efc6-43fc-804d-0b1d80bce143}</UniqueIdentifier>
    </Filter>
    <Filter Include="Common\Time">
      <UniqueIdentifier>{d052c0a5-172b-41cf-be8b-04f1ac654e69}</UniqueIdentifier>
    </Filter>
    <Filter Include="Graphics\Heap">
      <UniqueIdentifier>{dcff61bf-2a7e-43e6-9560-f62406c641b8}</UniqueIdentifier>
    </Filter>
    <Filter Include="Common\Set">
      <UniqueIdentifier>{b430b1d3-540d-4a97-b38c-69e3590dacaf}</UniqueIdentifier>
    </Filter>
    <Filter Include="Common\Hash">
      <UniqueIdentifier>{40967ea1-64e9-46f7-852a-7999110bd6c5}</UniqueIdentifier>
    </Filter>
    <Filter Include="Graphics\State">
      <UniqueIdentifier>{c98976cf-e411-4c60-916f-587e2d1aefdd}</UniqueIdentifier>
    </Filter>
    <Filter Include="Common\File">
      <UniqueIdentifier>{0769d02c-89e5-4cc3-8a44-77faa8ce1eed}</UniqueIdentifier>
    </Filter>
    <Filter Include="Common\Directory">
      <UniqueIdentifier>{8f585d52-3ebc-48b5-ae38-22002780fbb8}</UniqueIdentifier>
    </Filter>
    <Filter Include="Common\String">
      <UniqueIdentifier>{b950570c-9c11-4929-822b-37cda6bc365d}</UniqueIdentifier>
    </Filter>
    <Filter Include="Common\Memory\Buffer">
      <UniqueIdentifier>{c4e1b524-8c02-4081-8405-b1ccfc27aac3}</UniqueIdentifier>
    </Filter>
  </ItemGroup>
  <ItemGroup>
    <ClInclude Include="R2D.hpp" />
    <ClInclude Include="Common.hpp">
      <Filter>Common</Filter>
    </ClInclude>
    <ClInclude Include="Graphics.hpp">
      <Filter>Graphics</Filter>
    </ClInclude>
    <ClInclude Include="Input.hpp">
      <Filter>Input</Filter>
    </ClInclude>
    <ClInclude Include="Helper\Application.hpp">
      <Filter>Helper\Application</Filter>
    </ClInclude>
    <ClInclude Include="Common\Types.hpp">
      <Filter>Common\Types</Filter>
    </ClInclude>
    <ClInclude Include="Resource.hpp">
      <Filter>Resource</Filter>
    </ClInclude>
    <ClInclude Include="Scene.hpp">
      <Filter>Scene</Filter>
    </ClInclude>
    <ClInclude Include="Common\Windows.hpp">
      <Filter>Common\Windows</Filter>
    </ClInclude>
    <ClInclude Include="Graphics\Manager.hpp">
      <Filter>Graphics\Manager</Filter>
    </ClInclude>
    <ClInclude Include="Graphics\Window.hpp">
      <Filter>Graphics\Window</Filter>
    </ClInclude>
    <ClInclude Include="Common\Memory.hpp">
      <Filter>Common\Memory</Filter>
    </ClInclude>
    <ClInclude Include="Graphics\D3D12.hpp">
      <Filter>Graphics\D3D12</Filter>
    </ClInclude>
    <ClInclude Include="Common\Time.hpp">
      <Filter>Common\Time</Filter>
    </ClInclude>
    <ClInclude Include="Graphics\Heap.hpp">
      <Filter>Graphics\Heap</Filter>
    </ClInclude>
    <ClInclude Include="Common\Set.hpp">
      <Filter>Common\Set</Filter>
    </ClInclude>
    <ClInclude Include="Common\Hash.hpp">
      <Filter>Common\Hash</Filter>
    </ClInclude>
    <ClInclude Include="Graphics\State.hpp">
      <Filter>Graphics\State</Filter>
    </ClInclude>
    <ClInclude Include="Common\Directory.hpp">
      <Filter>Common\Directory</Filter>
    </ClInclude>
    <ClInclude Include="Common\File.hpp">
      <Filter>Common\File</Filter>
    </ClInclude>
    <ClInclude Include="Common\String.hpp">
      <Filter>Common\String</Filter>
    </ClInclude>
    <ClInclude Include="Common\Memory\Buffer.hpp">
      <Filter>Common\Memory\Buffer</Filter>
    </ClInclude>
  </ItemGroup>
  <ItemGroup>
    <ClCompile Include="Common.cpp">
      <Filter>Common</Filter>
    </ClCompile>
    <ClCompile Include="Graphics\Manager.cpp">
      <Filter>Graphics\Manager</Filter>
    </ClCompile>
    <ClCompile Include="Graphics\Window.cpp">
      <Filter>Graphics\Window</Filter>
    </ClCompile>
    <ClCompile Include="Common\Memory.cpp">
      <Filter>Common\Memory</Filter>
    </ClCompile>
    <ClCompile Include="Common\Time.cpp">
      <Filter>Common\Time</Filter>
    </ClCompile>
    <ClCompile Include="Graphics\Heap.cpp">
      <Filter>Graphics\Heap</Filter>
    </ClCompile>
    <ClCompile Include="Common\Set.cpp">
      <Filter>Common\Set</Filter>
    </ClCompile>
    <ClCompile Include="Graphics\State.cpp">
      <Filter>Graphics\State</Filter>
    </ClCompile>
    <ClCompile Include="Common\Directory.cpp">
      <Filter>Common\Directory</Filter>
    </ClCompile>
    <ClCompile Include="Common\File.cpp">
      <Filter>Common\File</Filter>
    </ClCompile>
    <ClCompile Include="Common\Memory\Buffer.cpp">
      <Filter>Common\Memory\Buffer</Filter>
    </ClCompile>
  </ItemGroup>
</Project>